# Minimal lockfile for the issue #128 cargo audit experiment: ansi_term 0.12.1
# carries an informational "unmaintained" advisory (RUSTSEC-2021-0139), which
# `cargo audit` prints as a warning and still exits 0 for unless --deny warnings.
version = 3

[[package]]
name = "ansi_term"
version = "0.12.1"
source = "registry+https://github.com/rust-lang/crates.io-index"
checksum = "d52a9bb7ec0cf484c551830a7ce27bd20d67eac647e1befb56b0be4ee39a55d2"

[[package]]
name = "demo"
version = "0.1.0"
dependencies = [
 "ansi_term",
]
